{
  "name": "pulsevault-hono-demo",
  "lockfileVersion": 3,
  "requires": true,
  "packages": {
    "": {
      "name": "pulsevault-hono-demo",
      "dependencies": {
        "@hono/node-server": "^2.1.1",
        "@mieweb/pulsevault": "file:../..",
        "hono": "^4.11.9"
      }
    },
    "../..": {
      "name": "@mieweb/pulsevault",
      "version": "0.3.0",
      "license": "MIT",
      "dependencies": {
        "@fastify/send": "^4.1.1",
        "@tus/file-store": "2.0.0",
        "@tus/server": "2.0.0",
        "fastify-plugin": "^5.1.0"
      },
      "devDependencies": {
        "@types/express": "^5.0.6",
        "@types/node": "^25.9.6",
        "@types/range-parser": "^1.2.7",
        "express": "^5.2.1",
        "fastify": "^5.12.1",
        "range-parser": "^1.3.0",
        "typescript": "^6.0.3"
      },
      "engines": {
        "node": ">=22"
      },
      "optionalDependencies": {
        "@aws-sdk/client-s3": "^3.1131.0",
        "@aws-sdk/s3-request-presigner": "^3.1131.0",
        "@tus/s3-store": "^2.0.6"
      },
      "peerDependencies": {
        "fastify": "^5.12.1"
      }
    },
    "node_modules/@hono/node-server": {
      "version": "2.1.1",
      "resolved": "https://registry.npmjs.org/@hono/node-server/-/node-server-2.1.1.tgz",
      "integrity": "sha512-ELuehkj5VCBdgEw9zs+ivkKwyzzUCSQuE96YmiPvn1ECBoZCczbFXJLeEGMTYjphP6gydh4pHMqEYPVMYUVgQg==",
      "license": "MIT",
      "engines": {
        "node": ">=20"
      },
      "peerDependencies": {
        "hono": "^4"
      }
    },
    "node_modules/@mieweb/pulsevault": {
      "resolved": "../..",
      "link": true
    },
    "node_modules/hono": {
      "version": "4.13.8",
      "resolved": "https://registry.npmjs.org/hono/-/hono-4.13.8.tgz",
      "integrity": "sha512-/Gng7NfoykZl2pjukW5Z6+8Yxm3BPRf86GTbQnt0SbySkvax4fyL4H3HhY1cCpBGmiW9XDRFzRV+CXK2W8QudQ==",
      "license": "MIT",
      "engines": {
        "node": ">=16.9.0"
      }
    }
  }
}
